
Microsoft Visual Studio Solution File, Format Version 12.00
# Visual Studio Version 17
VisualStudioVersion = 17.4.33110.190
MinimumVisualStudioVersion = 10.0.40219.1
Project("{FAE04EC0-301F-11D3-BF4B-00C04F79EFBC}") = "hw4_1", "hw4_1\hw4_1.csproj", "{08E258DF-2459-4EFD-89E9-4238B3DD65C1}"
EndProject
Global
	GlobalSection(SolutionConfigurationPlatforms) = preSolution
		Debug|Any CPU = Debug|Any CPU
		Release|Any CPU = Release|Any CPU
	EndGlobalSection
	GlobalSection(ProjectConfigurationPlatforms) = postSolution
		{08E258DF-2459-4EFD-89E9-4238B3DD65C1}.Debug|Any CPU.ActiveCfg = Debug|Any CPU
		{08E258DF-2459-4EFD-89E9-4238B3DD65C1}.Debug|Any CPU.Build.0 = Debug|Any CPU
		{08E258DF-2459-4EFD-89E9-4238B3DD65C1}.Release|Any CPU.ActiveCfg = Release|Any CPU
		{08E258DF-2459-4EFD-89E9-4238B3DD65C1}.Release|Any CPU.Build.0 = Release|Any CPU
	EndGlobalSection
	GlobalSection(SolutionProperties) = preSolution
		HideSolutionNode = FALSE
	EndGlobalSection
	GlobalSection(ExtensibilityGlobals) = postSolution
		SolutionGuid = {11E39764-EC6E-4014-BD4C-F76D43B5D65F}
	EndGlobalSection
EndGlobal
